// !$*UTF8*$!
{
	archiveVersion = 1;
	classes = {
	};
	objectVersion = 50;
	objects = {

/* Begin PBXBuildFile section */
		13A746DC24BA27840003788F /* AppDelegate.swift in Sources */ = {isa = PBXBuildFile; fileRef = 13A746DB24BA27840003788F /* AppDelegate.swift */; };
		13A746DE24BA27840003788F /* SceneDelegate.swift in Sources */ = {isa = PBXBuildFile; fileRef = 13A746DD24BA27840003788F /* SceneDelegate.swift */; };
		13A746E024BA27840003788F /* ViewController.swift in Sources */ = {isa = PBXBuildFile; fileRef = 13A746DF24BA27840003788F /* ViewController.swift */; };
		13A746E324BA27840003788F /* Main.storyboard in Resources */ = {isa = PBXBuildFile; fileRef = 13A746E124BA27840003788F /* Main.storyboard */; };
		13A746E524BA27880003788F /* Assets.xcassets in Resources */ = {isa = PBXBuildFile; fileRef = 13A746E424BA27880003788F /* Assets.xcassets */; };
		13A746E824BA27880003788F /* LaunchScreen.storyboard in Resources */ = {isa = PBXBuildFile; fileRef = 13A746E624BA27880003788F /* LaunchScreen.storyboard */; };
		13A746F324BA27880003788F /* loteriaTests.swift in Sources */ = {isa = PBXBuildFile; fileRef = 13A746F224BA27880003788F /* loteriaTests.swift */; };
		13A746FE24BA27880003788F /* loteriaUITests.swift in Sources */ = {isa = PBXBuildFile; fileRef = 13A746FD24BA27880003788F /* loteriaUITests.swift */; };
/* End PBXBuildFile section */

/* Begin PBXContainerItemProxy section */
		13A746EF24BA27880003788F /* PBXContainerItemProxy */ = {
			isa = PBXContainerItemProxy;
			containerPortal = 13A746D024BA27840003788F /* Project object */;
			proxyType = 1;
			remoteGlobalIDString = 13A746D724BA27840003788F;
			remoteInfo = loteria;
		};
		13A746FA24BA27880003788F /* PBXContainerItemProxy */ = {
			isa = PBXContainerItemProxy;
			containerPortal = 13A746D024BA27840003788F /* Project object */;
			proxyType = 1;
			remoteGlobalIDString = 13A746D724BA27840003788F;
			remoteInfo = loteria;
		};
/* End PBXContainerItemProxy section */

/* Begin PBXFileReference section */
		13A746D824BA27840003788F /* loteria.app */ = {isa = PBXFileReference; explicitFileType = wrapper.application; includeInIndex = 0; path = loteria.app; sourceTree = BUILT_PRODUCTS_DIR; };
		13A746DB24BA27840003788F /* AppDelegate.swift */ = {isa = PBXFileReference; lastKnownFileType = sourcecode.swift; path = AppDelegate.swift; sourceTree = "<group>"; };
		13A746DD24BA27840003788F /* SceneDelegate.swift */ = {isa = PBXFileReference; lastKnownFileType = sourcecode.swift; path = SceneDelegate.swift; sourceTree = "<group>"; };
		13A746DF24BA27840003788F /* ViewController.swift */ = {isa = PBXFileReference; lastKnownFileType = sourcecode.swift; path = ViewController.swift; sourceTree = "<group>"; };
		13A746E224BA27840003788F /* Base */ = {isa = PBXFileReference; lastKnownFileType = file.storyboard; name = Base; path = Base.lproj/Main.storyboard; sourceTree = "<group>"; };
		13A746E424BA27880003788F /* Assets.xcassets */ = {isa = PBXFileReference; lastKnownFileType = folder.assetcatalog; path = Assets.xcassets; sourceTree = "<group>"; };
		13A746E724BA27880003788F /* Base */ = {isa = PBXFileReference; lastKnownFileType = file.storyboard; name = Base; path = Base.lproj/LaunchScreen.storyboard; sourceTree = "<group>"; };
		13A746E924BA27880003788F /* Info.plist */ = {isa = PBXFileReference; lastKnownFileType = text.plist.xml; path = Info.plist; sourceTree = "<group>"; };
		13A746EE24BA27880003788F /* loteriaTests.xctest */ = {isa = PBXFileReference; explicitFileType = wrapper.cfbundle; includeInIndex = 0; path = loteriaTests.xctest; sourceTree = BUILT_PRODUCTS_DIR; };
		13A746F224BA27880003788F /* loteriaTests.swift */ = {isa = PBXFileReference; lastKnownFileType = sourcecode.swift; path = loteriaTests.swift; sourceTree = "<group>"; };
		13A746F424BA27880003788F /* Info.plist */ = {isa = PBXFileReference; lastKnownFileType = text.plist.xml; path = Info.plist; sourceTree = "<group>"; };
		13A746F924BA27880003788F /* loteriaUITests.xctest */ = {isa = PBXFileReference; explicitFileType = wrapper.cfbundle; includeInIndex = 0; path = loteriaUITests.xctest; sourceTree = BUILT_PRODUCTS_DIR; };
		13A746FD24BA27880003788F /* loteriaUITests.swift */ = {isa = PBXFileReference; lastKnownFileType = sourcecode.swift; path = loteriaUITests.swift; sourceTree = "<group>"; };
		13A746FF24BA27880003788F /* Info.plist */ = {isa = PBXFileReference; lastKnownFileType = text.plist.xml; path = Info.plist; sourceTree = "<group>"; };
/* End PBXFileReference section */

/* Begin PBXFrameworksBuildPhase section */
		13A746D524BA27840003788F /* Frameworks */ = {
			isa = PBXFrameworksBuildPhase;
			buildActionMask = 2147483647;
			files = (
			);
			runOnlyForDeploymentPostprocessing = 0;
		};
		13A746EB24BA27880003788F /* Frameworks */ = {
			isa = PBXFrameworksBuildPhase;
			buildActionMask = 2147483647;
			files = (
			);
			runOnlyForDeploymentPostprocessing = 0;
		};
		13A746F624BA27880003788F /* Frameworks */ = {
			isa = PBXFrameworksBuildPhase;
			buildActionMask = 2147483647;
			files = (
			);
			runOnlyForDeploymentPostprocessing = 0;
		};
/* End PBXFrameworksBuildPhase section */

/* Begin PBXGroup section */
		13A746CF24BA27840003788F = {
			isa = PBXGroup;
			children = (
				13A746DA24BA27840003788F /* loteria */,
				13A746F124BA27880003788F /* loteriaTests */,
				13A746FC24BA27880003788F /* loteriaUITests */,
				13A746D924BA27840003788F /* Products */,
			);
			sourceTree = "<group>";
		};
		13A746D924BA27840003788F /* Products */ = {
			isa = PBXGroup;
			children = (
				13A746D824BA27840003788F /* loteria.app */,
				13A746EE24BA27880003788F /* loteriaTests.xctest */,
				13A746F924BA27880003788F /* loteriaUITests.xctest */,
			);
			name = Products;
			sourceTree = "<group>";
		};
		13A746DA24BA27840003788F /* loteria */ = {
			isa = PBXGroup;
			children = (
				13A746DB24BA27840003788F /* AppDelegate.swift */,
				13A746DD24BA27840003788F /* SceneDelegate.swift */,
				13A746DF24BA27840003788F /* ViewController.swift */,
				13A746E124BA27840003788F /* Main.storyboard */,
				13A746E424BA27880003788F /* Assets.xcassets */,
				13A746E624BA27880003788F /* LaunchScreen.storyboard */,
				13A746E924BA27880003788F /* Info.plist */,
			);
			path = loteria;
			sourceTree = "<group>";
		};
		13A746F124BA27880003788F /* loteriaTests */ = {
			isa = PBXGroup;
			children = (
				13A746F224BA27880003788F /* loteriaTests.swift */,
				13A746F424BA27880003788F /* Info.plist */,
			);
			path = loteriaTests;
			sourceTree = "<group>";
		};
		13A746FC24BA27880003788F /* loteriaUITests */ = {
			isa = PBXGroup;
			children = (
				13A746FD24BA27880003788F /* loteriaUITests.swift */,
				13A746FF24BA27880003788F /* Info.plist */,
			);
			path = loteriaUITests;
			sourceTree = "<group>";
		};
/* End PBXGroup section */

/* Begin PBXNativeTarget section */
		13A746D724BA27840003788F /* loteria */ = {
			isa = PBXNativeTarget;
			buildConfigurationList = 13A7470224BA27880003788F /* Build configuration list for PBXNativeTarget "loteria" */;
			buildPhases = (
				13A746D424BA27840003788F /* Sources */,
				13A746D524BA27840003788F /* Frameworks */,
				13A746D624BA27840003788F /* Resources */,
			);
			buildRules = (
			);
			dependencies = (
			);
			name = loteria;
			productName = loteria;
			productReference = 13A746D824BA27840003788F /* loteria.app */;
			productType = "com.apple.product-type.application";
		};
		13A746ED24BA27880003788F /* loteriaTests */ = {
			isa = PBXNativeTarget;
			buildConfigurationList = 13A7470524BA27880003788F /* Build configuration list for PBXNativeTarget "loteriaTests" */;
			buildPhases = (
				13A746EA24BA27880003788F /* Sources */,
				13A746EB24BA27880003788F /* Frameworks */,
				13A746EC24BA27880003788F /* Resources */,
			);
			buildRules = (
			);
			dependencies = (
				13A746F024BA27880003788F /* PBXTargetDependency */,
			);
			name = loteriaTests;
			productName = loteriaTests;
			productReference = 13A746EE24BA27880003788F /* loteriaTests.xctest */;
			productType = "com.apple.product-type.bundle.unit-test";
		};
		13A746F824BA27880003788F /* loteriaUITests */ = {
			isa = PBXNativeTarget;
			buildConfigurationList = 13A7470824BA27880003788F /* Build configuration list for PBXNativeTarget "loteriaUITests" */;
			buildPhases = (
				13A746F524BA27880003788F /* Sources */,
				13A746F624BA27880003788F /* Frameworks */,
				13A746F724BA27880003788F /* Resources */,
			);
			buildRules = (
			);
			dependencies = (
				13A746FB24BA27880003788F /* PBXTargetDependency */,
			);
			name = loteriaUITests;
			productName = loteriaUITests;
			productReference = 13A746F924BA27880003788F /* loteriaUITests.xctest */;
			productType = "com.apple.product-type.bundle.ui-testing";
		};
/* End PBXNativeTarget section */

/* Begin PBXProject section */
		13A746D024BA27840003788F /* Project object */ = {
			isa = PBXProject;
			attributes = {
				LastSwiftUpdateCheck = 1150;
				LastUpgradeCheck = 1150;
				ORGANIZATIONNAME = "Mario Martins";
				TargetAttributes = {
					13A746D724BA27840003788F = {
						CreatedOnToolsVersion = 11.5;
					};
					13A746ED24BA27880003788F = {
						CreatedOnToolsVersion = 11.5;
						TestTargetID = 13A746D724BA27840003788F;
					};
					13A746F824BA27880003788F = {
						CreatedOnToolsVersion = 11.5;
						TestTargetID = 13A746D724BA27840003788F;
					};
				};
			};
			buildConfigurationList = 13A746D324BA27840003788F /* Build configuration list for PBXProject "loteria" */;
			compatibilityVersion = "Xcode 9.3";
			developmentRegion = en;
			hasScannedForEncodings = 0;
			knownRegions = (
				en,
				Base,
			);
			mainGroup = 13A746CF24BA27840003788F;
			productRefGroup = 13A746D924BA27840003788F /* Products */;
			projectDirPath = "";
			projectRoot = "";
			targets = (
				13A746D724BA27840003788F /* loteria */,
				13A746ED24BA27880003788F /* loteriaTests */,
				13A746F824BA27880003788F /* loteriaUITests */,
			);
		};
/* End PBXProject section */

/* Begin PBXResourcesBuildPhase section */
		13A746D624BA27840003788F /* Resources */ = {
			isa = PBXResourcesBuildPhase;
			buildActionMask = 2147483647;
			files = (
				13A746E824BA27880003788F /* LaunchScreen.storyboard in Resources */,
				13A746E524BA27880003788F /* Assets.xcassets in Resources */,
				13A746E324BA27840003788F /* Main.storyboard in Resources */,
			);
			runOnlyForDeploymentPostprocessing = 0;
		};
		13A746EC24BA27880003788F /* Resources */ = {
			isa = PBXResourcesBuildPhase;
			buildActionMask = 2147483647;
			files = (
			);
			runOnlyForDeploymentPostprocessing = 0;
		};
		13A746F724BA27880003788F /* Resources */ = {
			isa = PBXResourcesBuildPhase;
			buildActionMask = 2147483647;
			files = (
			);
			runOnlyForDeploymentPostprocessing = 0;
		};
/* End PBXResourcesBuildPhase section */

/* Begin PBXSourcesBuildPhase section */
		13A746D424BA27840003788F /* Sources */ = {
			isa = PBXSourcesBuildPhase;
			buildActionMask = 2147483647;
			files = (
				13A746E024BA27840003788F /* ViewController.swift in Sources */,
				13A746DC24BA27840003788F /* AppDelegate.swift in Sources */,
				13A746DE24BA27840003788F /* SceneDelegate.swift in Sources */,
			);
			runOnlyForDeploymentPostprocessing = 0;
		};
		13A746EA24BA27880003788F /* Sources */ = {
			isa = PBXSourcesBuildPhase;
			buildActionMask = 2147483647;
			files = (
				13A746F324BA27880003788F /* loteriaTests.swift in Sources */,
			);
			runOnlyForDeploymentPostprocessing = 0;
		};
		13A746F524BA27880003788F /* Sources */ = {
			isa = PBXSourcesBuildPhase;
			buildActionMask = 2147483647;
			files = (
				13A746FE24BA27880003788F /* loteriaUITests.swift in Sources */,
			);
			runOnlyForDeploymentPostprocessing = 0;
		};
/* End PBXSourcesBuildPhase section */

/* Begin PBXTargetDependency section */
		13A746F024BA27880003788F /* PBXTargetDependency */ = {
			isa = PBXTargetDependency;
			target = 13A746D724BA27840003788F /* loteria */;
			targetProxy = 13A746EF24BA27880003788F /* PBXContainerItemProxy */;
		};
		13A746FB24BA27880003788F /* PBXTargetDependency */ = {
			isa = PBXTargetDependency;
			target = 13A746D724BA27840003788F /* loteria */;
			targetProxy = 13A746FA24BA27880003788F /* PBXContainerItemProxy */;
		};
/* End PBXTargetDependency section */

/* Begin PBXVariantGroup section */
		13A746E124BA27840003788F /* Main.storyboard */ = {
			isa = PBXVariantGroup;
			children = (
				13A746E224BA27840003788F /* Base */,
			);
			name = Main.storyboard;
			sourceTree = "<group>";
		};
		13A746E624BA27880003788F /* LaunchScreen.storyboard */ = {
			isa = PBXVariantGroup;
			children = (
				13A746E724BA27880003788F /* Base */,
			);
			name = LaunchScreen.storyboard;
			sourceTree = "<group>";
		};
/* End PBXVariantGroup section */

/* Begin XCBuildConfiguration section */
		13A7470024BA27880003788F /* Debug */ = {
			isa = XCBuildConfiguration;
			buildSettings = {
				ALWAYS_SEARCH_USER_PATHS = NO;
				CLANG_ANALYZER_NONNULL = YES;
				CLANG_ANALYZER_NUMBER_OBJECT_CONVERSION = YES_AGGRESSIVE;
				CLANG_CXX_LANGUAGE_STANDARD = "gnu++14";
				CLANG_CXX_LIBRARY = "libc++";
				CLANG_ENABLE_MODULES = YES;
				CLANG_ENABLE_OBJC_ARC = YES;
				CLANG_ENABLE_OBJC_WEAK = YES;
				CLANG_WARN_BLOCK_CAPTURE_AUTORELEASING = YES;
				CLANG_WARN_BOOL_CONVERSION = YES;
				CLANG_WARN_COMMA = YES;
				CLANG_WARN_CONSTANT_CONVERSION = YES;
				CLANG_WARN_DEPRECATED_OBJC_IMPLEMENTATIONS = YES;
				CLANG_WARN_DIRECT_OBJC_ISA_USAGE = YES_ERROR;
				CLANG_WARN_DOCUMENTATION_COMMENTS = YES;
				CLANG_WARN_EMPTY_BODY = YES;
				CLANG_WARN_ENUM_CONVERSION = YES;
				CLANG_WARN_INFINITE_RECURSION = YES;
				CLANG_WARN_INT_CONVERSION = YES;
				CLANG_WARN_NON_LITERAL_NULL_CONVERSION = YES;
				CLANG_WARN_OBJC_IMPLICIT_RETAIN_SELF = YES;
				CLANG_WARN_OBJC_LITERAL_CONVERSION = YES;
				CLANG_WARN_OBJC_ROOT_CLASS = YES_ERROR;
				CLANG_WARN_RANGE_LOOP_ANALYSIS = YES;
				CLANG_WARN_STRICT_PROTOTYPES = YES;
				CLANG_WARN_SUSPICIOUS_MOVE = YES;
				CLANG_WARN_UNGUARDED_AVAILABILITY = YES_AGGRESSIVE;
				CLANG_WARN_UNREACHABLE_CODE = YES;
				CLANG_WARN__DUPLICATE_METHOD_MATCH = YES;
				COPY_PHASE_STRIP = NO;
				DEBUG_INFORMATION_FORMAT = dwarf;
				ENABLE_STRICT_OBJC_MSGSEND = YES;
				ENABLE_TESTABILITY = YES;
				GCC_C_LANGUAGE_STANDARD = gnu11;
				GCC_DYNAMIC_NO_PIC = NO;
				GCC_NO_COMMON_BLOCKS = YES;
				GCC_OPTIMIZATION_LEVEL = 0;
				GCC_PREPROCESSOR_DEFINITIONS = (
					"DEBUG=1",
					"$(inherited)",
				);
				GCC_WARN_64_TO_32_BIT_CONVERSION = YES;
				GCC_WARN_ABOUT_RETURN_TYPE = YES_ERROR;
				GCC_WARN_UNDECLARED_SELECTOR = YES;
				GCC_WARN_UNINITIALIZED_AUTOS = YES_AGGRESSIVE;
				GCC_WARN_UNUSED_FUNCTION = YES;
				GCC_WARN_UNUSED_VARIABLE = YES;
				IPHONEOS_DEPLOYMENT_TARGET = 13.5;
				MTL_ENABLE_DEBUG_INFO = INCLUDE_SOURCE;
				MTL_FAST_MATH = YES;
				ONLY_ACTIVE_ARCH = YES;
				SDKROOT = iphoneos;
				SWIFT_ACTIVE_COMPILATION_CONDITIONS = DEBUG;
				SWIFT_OPTIMIZATION_LEVEL = "-Onone";
			};
			name = Debug;
		};
		13A7470124BA27880003788F /* Release */ = {
			isa = XCBuildConfiguration;
			buildSettings = {
				ALWAYS_SEARCH_USER_PATHS = NO;
				CLANG_ANALYZER_NONNULL = YES;
				CLANG_ANALYZER_NUMBER_OBJECT_CONVERSION = YES_AGGRESSIVE;
				CLANG_CXX_LANGUAGE_STANDARD = "gnu++14";
				CLANG_CXX_LIBRARY = "libc++";
				CLANG_ENABLE_MODULES = YES;
				CLANG_ENABLE_OBJC_ARC = YES;
				CLANG_ENABLE_OBJC_WEAK = YES;
				CLANG_WARN_BLOCK_CAPTURE_AUTORELEASING = YES;
				CLANG_WARN_BOOL_CONVERSION = YES;
				CLANG_WARN_COMMA = YES;
				CLANG_WARN_CONSTANT_CONVERSION = YES;
				CLANG_WARN_DEPRECATED_OBJC_IMPLEMENTATIONS = YES;
				CLANG_WARN_DIRECT_OBJC_ISA_USAGE = YES_ERROR;
				CLANG_WARN_DOCUMENTATION_COMMENTS = YES;
				CLANG_WARN_EMPTY_BODY = YES;
				CLANG_WARN_ENUM_CONVERSION = YES;
				CLANG_WARN_INFINITE_RECURSION = YES;
				CLANG_WARN_INT_CONVERSION = YES;
				CLANG_WARN_NON_LITERAL_NULL_CONVERSION = YES;
				CLANG_WARN_OBJC_IMPLICIT_RETAIN_SELF = YES;
				CLANG_WARN_OBJC_LITERAL_CONVERSION = YES;
				CLANG_WARN_OBJC_ROOT_CLASS = YES_ERROR;
				CLANG_WARN_RANGE_LOOP_ANALYSIS = YES;
				CLANG_WARN_STRICT_PROTOTYPES = YES;
				CLANG_WARN_SUSPICIOUS_MOVE = YES;
				CLANG_WARN_UNGUARDED_AVAILABILITY = YES_AGGRESSIVE;
				CLANG_WARN_UNREACHABLE_CODE = YES;
				CLANG_WARN__DUPLICATE_METHOD_MATCH = YES;
				COPY_PHASE_STRIP = NO;
				DEBUG_INFORMATION_FORMAT = "dwarf-with-dsym";
				ENABLE_NS_ASSERTIONS = NO;
				ENABLE_STRICT_OBJC_MSGSEND = YES;
				GCC_C_LANGUAGE_STANDARD = gnu11;
				GCC_NO_COMMON_BLOCKS = YES;
				GCC_WARN_64_TO_32_BIT_CONVERSION = YES;
				GCC_WARN_ABOUT_RETURN_TYPE = YES_ERROR;
				GCC_WARN_UNDECLARED_SELECTOR = YES;
				GCC_WARN_UNINITIALIZED_AUTOS = YES_AGGRESSIVE;
				GCC_WARN_UNUSED_FUNCTION = YES;
				GCC_WARN_UNUSED_VARIABLE = YES;
				IPHONEOS_DEPLOYMENT_TARGET = 13.5;
				MTL_ENABLE_DEBUG_INFO = NO;
				MTL_FAST_MATH = YES;
				SDKROOT = iphoneos;
				SWIFT_COMPILATION_MODE = wholemodule;
				SWIFT_OPTIMIZATION_LEVEL = "-O";
				VALIDATE_PRODUCT = YES;
			};
			name = Release;
		};
		13A7470324BA27880003788F /* Debug */ = {
			isa = XCBuildConfiguration;
			buildSettings = {
				ASSETCATALOG_COMPILER_APPICON_NAME = AppIcon;
				CODE_SIGN_STYLE = Automatic;
				DEVELOPMENT_TEAM = 983Q2B3V7L;
				INFOPLIST_FILE = loteria/Info.plist;
				LD_RUNPATH_SEARCH_PATHS = (
					"$(inherited)",
					"@executable_path/Frameworks",
				);
				PRODUCT_BUNDLE_IDENTIFIER = samples.loteria;
				PRODUCT_NAME = "$(TARGET_NAME)";
				SWIFT_VERSION = 5.0;
				TARGETED_DEVICE_FAMILY = "1,2";
			};
			name = Debug;
		};
		13A7470424BA27880003788F /* Release */ = {
			isa = XCBuildConfiguration;
			buildSettings = {
				ASSETCATALOG_COMPILER_APPICON_NAME = AppIcon;
				CODE_SIGN_STYLE = Automatic;
				DEVELOPMENT_TEAM = 983Q2B3V7L;
				INFOPLIST_FILE = loteria/Info.plist;
				LD_RUNPATH_SEARCH_PATHS = (
					"$(inherited)",
					"@executable_path/Frameworks",
				);
				PRODUCT_BUNDLE_IDENTIFIER = samples.loteria;
				PRODUCT_NAME = "$(TARGET_NAME)";
				SWIFT_VERSION = 5.0;
				TARGETED_DEVICE_FAMILY = "1,2";
			};
			name = Release;
		};
		13A7470624BA27880003788F /* Debug */ = {
			isa = XCBuildConfiguration;
			buildSettings = {
				ALWAYS_EMBED_SWIFT_STANDARD_LIBRARIES = YES;
				BUNDLE_LOADER = "$(TEST_HOST)";
				CODE_SIGN_STYLE = Automatic;
				DEVELOPMENT_TEAM = 983Q2B3V7L;
				INFOPLIST_FILE = loteriaTests/Info.plist;
				IPHONEOS_DEPLOYMENT_TARGET = 13.5;
				LD_RUNPATH_SEARCH_PATHS = (
					"$(inherited)",
					"@executable_path/Frameworks",
					"@loader_path/Frameworks",
				);
				PRODUCT_BUNDLE_IDENTIFIER = samples.loteriaTests;
				PRODUCT_NAME = "$(TARGET_NAME)";
				SWIFT_VERSION = 5.0;
				TARGETED_DEVICE_FAMILY = "1,2";
				TEST_HOST = "$(BUILT_PRODUCTS_DIR)/loteria.app/loteria";
			};
			name = Debug;
		};
		13A7470724BA27880003788F /* Release */ = {
			isa = XCBuildConfiguration;
			buildSettings = {
				ALWAYS_EMBED_SWIFT_STANDARD_LIBRARIES = YES;
				BUNDLE_LOADER = "$(TEST_HOST)";
				CODE_SIGN_STYLE = Automatic;
				DEVELOPMENT_TEAM = 983Q2B3V7L;
				INFOPLIST_FILE = loteriaTests/Info.plist;
				IPHONEOS_DEPLOYMENT_TARGET = 13.5;
				LD_RUNPATH_SEARCH_PATHS = (
					"$(inherited)",
					"@executable_path/Frameworks",
					"@loader_path/Frameworks",
				);
				PRODUCT_BUNDLE_IDENTIFIER = samples.loteriaTests;
				PRODUCT_NAME = "$(TARGET_NAME)";
				SWIFT_VERSION = 5.0;
				TARGETED_DEVICE_FAMILY = "1,2";
				TEST_HOST = "$(BUILT_PRODUCTS_DIR)/loteria.app/loteria";
			};
			name = Release;
		};
		13A7470924BA27880003788F /* Debug */ = {
			isa = XCBuildConfiguration;
			buildSettings = {
				ALWAYS_EMBED_SWIFT_STANDARD_LIBRARIES = YES;
				CODE_SIGN_STYLE = Automatic;
				DEVELOPMENT_TEAM = 983Q2B3V7L;
				INFOPLIST_FILE = loteriaUITests/Info.plist;
				LD_RUNPATH_SEARCH_PATHS = (
					"$(inherited)",
					"@executable_path/Frameworks",
					"@loader_path/Frameworks",
				);
				PRODUCT_BUNDLE_IDENTIFIER = samples.loteriaUITests;
				PRODUCT_NAME = "$(TARGET_NAME)";
				SWIFT_VERSION = 5.0;
				TARGETED_DEVICE_FAMILY = "1,2";
				TEST_TARGET_NAME = loteria;
			};
			name = Debug;
		};
		13A7470A24BA27880003788F /* Release */ = {
			isa = XCBuildConfiguration;
			buildSettings = {
				ALWAYS_EMBED_SWIFT_STANDARD_LIBRARIES = YES;
				CODE_SIGN_STYLE = Automatic;
				DEVELOPMENT_TEAM = 983Q2B3V7L;
				INFOPLIST_FILE = loteriaUITests/Info.plist;
				LD_RUNPATH_SEARCH_PATHS = (
					"$(inherited)",
					"@executable_path/Frameworks",
					"@loader_path/Frameworks",
				);
				PRODUCT_BUNDLE_IDENTIFIER = samples.loteriaUITests;
				PRODUCT_NAME = "$(TARGET_NAME)";
				SWIFT_VERSION = 5.0;
				TARGETED_DEVICE_FAMILY = "1,2";
				TEST_TARGET_NAME = loteria;
			};
			name = Release;
		};
/* End XCBuildConfiguration section */

/* Begin XCConfigurationList section */
		13A746D324BA27840003788F /* Build configuration list for PBXProject "loteria" */ = {
			isa = XCConfigurationList;
			buildConfigurations = (
				13A7470024BA27880003788F /* Debug */,
				13A7470124BA27880003788F /* Release */,
			);
			defaultConfigurationIsVisible = 0;
			defaultConfigurationName = Release;
		};
		13A7470224BA27880003788F /* Build configuration list for PBXNativeTarget "loteria" */ = {
			isa = XCConfigurationList;
			buildConfigurations = (
				13A7470324BA27880003788F /* Debug */,
				13A7470424BA27880003788F /* Release */,
			);
			defaultConfigurationIsVisible = 0;
			defaultConfigurationName = Release;
		};
		13A7470524BA27880003788F /* Build configuration list for PBXNativeTarget "loteriaTests" */ = {
			isa = XCConfigurationList;
			buildConfigurations = (
				13A7470624BA27880003788F /* Debug */,
				13A7470724BA27880003788F /* Release */,
			);
			defaultConfigurationIsVisible = 0;
			defaultConfigurationName = Release;
		};
		13A7470824BA27880003788F /* Build configuration list for PBXNativeTarget "loteriaUITests" */ = {
			isa = XCConfigurationList;
			buildConfigurations = (
				13A7470924BA27880003788F /* Debug */,
				13A7470A24BA27880003788F /* Release */,
			);
			defaultConfigurationIsVisible = 0;
			defaultConfigurationName = Release;
		};
/* End XCConfigurationList section */
	};
	rootObject = 13A746D024BA27840003788F /* Project object */;
}
